// !$*UTF8*$!
{
	archiveVersion = 1;
	classes = {
	};
	objectVersion = 50;
	objects = {

/* Begin PBXBuildFile section */
		9B32A65D267C22F2007C06D3 /* SwiftView10.swift in Sources */ = {isa = PBXBuildFile; fileRef = 9B32A65C267C22F2007C06D3 /* SwiftView10.swift */; };
		9B32A65F267C233A007C06D3 /* SwiftView11.swift in Sources */ = {isa = PBXBuildFile; fileRef = 9B32A65E267C233A007C06D3 /* SwiftView11.swift */; };
		9B32A661267C2343007C06D3 /* SwiftView12.swift in Sources */ = {isa = PBXBuildFile; fileRef = 9B32A660267C2343007C06D3 /* SwiftView12.swift */; };
		9B32A663267C234A007C06D3 /* SwiftView13.swift in Sources */ = {isa = PBXBuildFile; fileRef = 9B32A662267C234A007C06D3 /* SwiftView13.swift */; };
		9B32A665267C2351007C06D3 /* SwiftView14.swift in Sources */ = {isa = PBXBuildFile; fileRef = 9B32A664267C2351007C06D3 /* SwiftView14.swift */; };
		9B32A667267C2359007C06D3 /* SwiftView15.swift in Sources */ = {isa = PBXBuildFile; fileRef = 9B32A666267C2359007C06D3 /* SwiftView15.swift */; };
		9B36293A267336BE0084F2EA /* SwiftView05.swift in Sources */ = {isa = PBXBuildFile; fileRef = 9B362939267336BE0084F2EA /* SwiftView05.swift */; };
		9B38AAD22679B5230077E0DC /* SwiftView07.swift in Sources */ = {isa = PBXBuildFile; fileRef = 9B38AAD12679B5230077E0DC /* SwiftView07.swift */; };
		9B4F71FE2670B60D00C55B2C /* SwiftView03.swift in Sources */ = {isa = PBXBuildFile; fileRef = 9B4F71FD2670B60D00C55B2C /* SwiftView03.swift */; };
		9B57D8C126842FFA001853BD /* SwiftView16.swift in Sources */ = {isa = PBXBuildFile; fileRef = 9B57D8C026842FFA001853BD /* SwiftView16.swift */; };
		9B5F85CB267AE9F80022805B /* SwiftView08.swift in Sources */ = {isa = PBXBuildFile; fileRef = 9B5F85CA267AE9F80022805B /* SwiftView08.swift */; };
		9B5F85CD267B31E70022805B /* SwiftView09.swift in Sources */ = {isa = PBXBuildFile; fileRef = 9B5F85CC267B31E70022805B /* SwiftView09.swift */; };
		9B5FC152266EF49400CF28AC /* IosDemoApp.swift in Sources */ = {isa = PBXBuildFile; fileRef = 9B5FC151266EF49400CF28AC /* IosDemoApp.swift */; };
		9B5FC154266EF49400CF28AC /* ContentView.swift in Sources */ = {isa = PBXBuildFile; fileRef = 9B5FC153266EF49400CF28AC /* ContentView.swift */; };
		9B5FC156266EF49500CF28AC /* Assets.xcassets in Resources */ = {isa = PBXBuildFile; fileRef = 9B5FC155266EF49500CF28AC /* Assets.xcassets */; };
		9B5FC159266EF49500CF28AC /* Preview Assets.xcassets in Resources */ = {isa = PBXBuildFile; fileRef = 9B5FC158266EF49500CF28AC /* Preview Assets.xcassets */; };
		9B5FC162266F3AFA00CF28AC /* site_map.json in Resources */ = {isa = PBXBuildFile; fileRef = 9B5FC161266F3AFA00CF28AC /* site_map.json */; };
		9B5FC165266F3BC600CF28AC /* SwiftView01.swift in Sources */ = {isa = PBXBuildFile; fileRef = 9B5FC164266F3BC600CF28AC /* SwiftView01.swift */; };
		9B665A4D2678315C004FBD58 /* IndexView.swift in Sources */ = {isa = PBXBuildFile; fileRef = 9B665A4C2678315C004FBD58 /* IndexView.swift */; };
		9B665A4F26789B6F004FBD58 /* SwiftView06.swift in Sources */ = {isa = PBXBuildFile; fileRef = 9B665A4E26789B6F004FBD58 /* SwiftView06.swift */; };
		9B8DEEF72671FF3D00B67398 /* SwiftView04.swift in Sources */ = {isa = PBXBuildFile; fileRef = 9B8DEEF62671FF3D00B67398 /* SwiftView04.swift */; };
		9BA427E6267053E70038A30F /* SwiftView02.swift in Sources */ = {isa = PBXBuildFile; fileRef = 9BA427E5267053E70038A30F /* SwiftView02.swift */; };
/* End PBXBuildFile section */

/* Begin PBXFileReference section */
		9B32A65C267C22F2007C06D3 /* SwiftView10.swift */ = {isa = PBXFileReference; lastKnownFileType = sourcecode.swift; path = SwiftView10.swift; sourceTree = "<group>"; };
		9B32A65E267C233A007C06D3 /* SwiftView11.swift */ = {isa = PBXFileReference; lastKnownFileType = sourcecode.swift; path = SwiftView11.swift; sourceTree = "<group>"; };
		9B32A660267C2343007C06D3 /* SwiftView12.swift */ = {isa = PBXFileReference; lastKnownFileType = sourcecode.swift; path = SwiftView12.swift; sourceTree = "<group>"; };
		9B32A662267C234A007C06D3 /* SwiftView13.swift */ = {isa = PBXFileReference; lastKnownFileType = sourcecode.swift; path = SwiftView13.swift; sourceTree = "<group>"; };
		9B32A664267C2351007C06D3 /* SwiftView14.swift */ = {isa = PBXFileReference; lastKnownFileType = sourcecode.swift; path = SwiftView14.swift; sourceTree = "<group>"; };
		9B32A666267C2359007C06D3 /* SwiftView15.swift */ = {isa = PBXFileReference; lastKnownFileType = sourcecode.swift; path = SwiftView15.swift; sourceTree = "<group>"; };
		9B362939267336BE0084F2EA /* SwiftView05.swift */ = {isa = PBXFileReference; lastKnownFileType = sourcecode.swift; path = SwiftView05.swift; sourceTree = "<group>"; };
		9B38AAD12679B5230077E0DC /* SwiftView07.swift */ = {isa = PBXFileReference; lastKnownFileType = sourcecode.swift; path = SwiftView07.swift; sourceTree = "<group>"; };
		9B4F71FD2670B60D00C55B2C /* SwiftView03.swift */ = {isa = PBXFileReference; lastKnownFileType = sourcecode.swift; path = SwiftView03.swift; sourceTree = "<group>"; };
		9B57D8C026842FFA001853BD /* SwiftView16.swift */ = {isa = PBXFileReference; lastKnownFileType = sourcecode.swift; path = SwiftView16.swift; sourceTree = "<group>"; };
		9B5F85CA267AE9F80022805B /* SwiftView08.swift */ = {isa = PBXFileReference; lastKnownFileType = sourcecode.swift; path = SwiftView08.swift; sourceTree = "<group>"; };
		9B5F85CC267B31E70022805B /* SwiftView09.swift */ = {isa = PBXFileReference; lastKnownFileType = sourcecode.swift; path = SwiftView09.swift; sourceTree = "<group>"; };
		9B5FC14E266EF49400CF28AC /* IosDemo.app */ = {isa = PBXFileReference; explicitFileType = wrapper.application; includeInIndex = 0; path = IosDemo.app; sourceTree = BUILT_PRODUCTS_DIR; };
		9B5FC151266EF49400CF28AC /* IosDemoApp.swift */ = {isa = PBXFileReference; lastKnownFileType = sourcecode.swift; path = IosDemoApp.swift; sourceTree = "<group>"; };
		9B5FC153266EF49400CF28AC /* ContentView.swift */ = {isa = PBXFileReference; lastKnownFileType = sourcecode.swift; path = ContentView.swift; sourceTree = "<group>"; };
		9B5FC155266EF49500CF28AC /* Assets.xcassets */ = {isa = PBXFileReference; lastKnownFileType = folder.assetcatalog; path = Assets.xcassets; sourceTree = "<group>"; };
		9B5FC158266EF49500CF28AC /* Preview Assets.xcassets */ = {isa = PBXFileReference; lastKnownFileType = folder.assetcatalog; path = "Preview Assets.xcassets"; sourceTree = "<group>"; };
		9B5FC15A266EF49500CF28AC /* Info.plist */ = {isa = PBXFileReference; lastKnownFileType = text.plist.xml; path = Info.plist; sourceTree = "<group>"; };
		9B5FC161266F3AFA00CF28AC /* site_map.json */ = {isa = PBXFileReference; fileEncoding = 4; lastKnownFileType = text.json; path = site_map.json; sourceTree = "<group>"; };
		9B5FC164266F3BC600CF28AC /* SwiftView01.swift */ = {isa = PBXFileReference; lastKnownFileType = sourcecode.swift; path = SwiftView01.swift; sourceTree = "<group>"; };
		9B665A4C2678315C004FBD58 /* IndexView.swift */ = {isa = PBXFileReference; lastKnownFileType = sourcecode.swift; path = IndexView.swift; sourceTree = "<group>"; };
		9B665A4E26789B6F004FBD58 /* SwiftView06.swift */ = {isa = PBXFileReference; lastKnownFileType = sourcecode.swift; path = SwiftView06.swift; sourceTree = "<group>"; };
		9B8DEEF62671FF3D00B67398 /* SwiftView04.swift */ = {isa = PBXFileReference; lastKnownFileType = sourcecode.swift; path = SwiftView04.swift; sourceTree = "<group>"; };
		9BA427E5267053E70038A30F /* SwiftView02.swift */ = {isa = PBXFileReference; lastKnownFileType = sourcecode.swift; path = SwiftView02.swift; sourceTree = "<group>"; };
/* End PBXFileReference section */

/* Begin PBXFrameworksBuildPhase section */
		9B5FC14B266EF49400CF28AC /* Frameworks */ = {
			isa = PBXFrameworksBuildPhase;
			buildActionMask = 2147483647;
			files = (
			);
			runOnlyForDeploymentPostprocessing = 0;
		};
/* End PBXFrameworksBuildPhase section */

/* Begin PBXGroup section */
		9B5FC145266EF49400CF28AC = {
			isa = PBXGroup;
			children = (
				9B5FC150266EF49400CF28AC /* IosDemo */,
				9B5FC14F266EF49400CF28AC /* Products */,
			);
			sourceTree = "<group>";
		};
		9B5FC14F266EF49400CF28AC /* Products */ = {
			isa = PBXGroup;
			children = (
				9B5FC14E266EF49400CF28AC /* IosDemo.app */,
			);
			name = Products;
			sourceTree = "<group>";
		};
		9B5FC150266EF49400CF28AC /* IosDemo */ = {
			isa = PBXGroup;
			children = (
				9B5FC163266F3B9500CF28AC /* Swift */,
				9B5FC160266F3A8C00CF28AC /* Assets */,
				9B5FC151266EF49400CF28AC /* IosDemoApp.swift */,
				9B5FC153266EF49400CF28AC /* ContentView.swift */,
				9B665A4C2678315C004FBD58 /* IndexView.swift */,
				9B5FC155266EF49500CF28AC /* Assets.xcassets */,
				9B5FC15A266EF49500CF28AC /* Info.plist */,
				9B5FC157266EF49500CF28AC /* Preview Content */,
			);
			path = IosDemo;
			sourceTree = "<group>";
		};
		9B5FC157266EF49500CF28AC /* Preview Content */ = {
			isa = PBXGroup;
			children = (
				9B5FC158266EF49500CF28AC /* Preview Assets.xcassets */,
			);
			path = "Preview Content";
			sourceTree = "<group>";
		};
		9B5FC160266F3A8C00CF28AC /* Assets */ = {
			isa = PBXGroup;
			children = (
				9B5FC161266F3AFA00CF28AC /* site_map.json */,
			);
			path = Assets;
			sourceTree = "<group>";
		};
		9B5FC163266F3B9500CF28AC /* Swift */ = {
			isa = PBXGroup;
			children = (
				9B5FC164266F3BC600CF28AC /* SwiftView01.swift */,
				9BA427E5267053E70038A30F /* SwiftView02.swift */,
				9B4F71FD2670B60D00C55B2C /* SwiftView03.swift */,
				9B8DEEF62671FF3D00B67398 /* SwiftView04.swift */,
				9B362939267336BE0084F2EA /* SwiftView05.swift */,
				9B665A4E26789B6F004FBD58 /* SwiftView06.swift */,
				9B38AAD12679B5230077E0DC /* SwiftView07.swift */,
				9B5F85CA267AE9F80022805B /* SwiftView08.swift */,
				9B5F85CC267B31E70022805B /* SwiftView09.swift */,
				9B32A65C267C22F2007C06D3 /* SwiftView10.swift */,
				9B32A65E267C233A007C06D3 /* SwiftView11.swift */,
				9B32A660267C2343007C06D3 /* SwiftView12.swift */,
				9B32A662267C234A007C06D3 /* SwiftView13.swift */,
				9B32A664267C2351007C06D3 /* SwiftView14.swift */,
				9B32A666267C2359007C06D3 /* SwiftView15.swift */,
				9B57D8C026842FFA001853BD /* SwiftView16.swift */,
			);
			path = Swift;
			sourceTree = "<group>";
		};
/* End PBXGroup section */

/* Begin PBXNativeTarget section */
		9B5FC14D266EF49400CF28AC /* IosDemo */ = {
			isa = PBXNativeTarget;
			buildConfigurationList = 9B5FC15D266EF49500CF28AC /* Build configuration list for PBXNativeTarget "IosDemo" */;
			buildPhases = (
				9B5FC14A266EF49400CF28AC /* Sources */,
				9B5FC14B266EF49400CF28AC /* Frameworks */,
				9B5FC14C266EF49400CF28AC /* Resources */,
			);
			buildRules = (
			);
			dependencies = (
			);
			name = IosDemo;
			productName = IosDemo;
			productReference = 9B5FC14E266EF49400CF28AC /* IosDemo.app */;
			productType = "com.apple.product-type.application";
		};
/* End PBXNativeTarget section */

/* Begin PBXProject section */
		9B5FC146266EF49400CF28AC /* Project object */ = {
			isa = PBXProject;
			attributes = {
				LastSwiftUpdateCheck = 1250;
				LastUpgradeCheck = 1250;
				TargetAttributes = {
					9B5FC14D266EF49400CF28AC = {
						CreatedOnToolsVersion = 12.5;
					};
				};
			};
			buildConfigurationList = 9B5FC149266EF49400CF28AC /* Build configuration list for PBXProject "IosDemo" */;
			compatibilityVersion = "Xcode 9.3";
			developmentRegion = en;
			hasScannedForEncodings = 0;
			knownRegions = (
				en,
				Base,
			);
			mainGroup = 9B5FC145266EF49400CF28AC;
			productRefGroup = 9B5FC14F266EF49400CF28AC /* Products */;
			projectDirPath = "";
			projectRoot = "";
			targets = (
				9B5FC14D266EF49400CF28AC /* IosDemo */,
			);
		};
/* End PBXProject section */

/* Begin PBXResourcesBuildPhase section */
		9B5FC14C266EF49400CF28AC /* Resources */ = {
			isa = PBXResourcesBuildPhase;
			buildActionMask = 2147483647;
			files = (
				9B5FC162266F3AFA00CF28AC /* site_map.json in Resources */,
				9B5FC159266EF49500CF28AC /* Preview Assets.xcassets in Resources */,
				9B5FC156266EF49500CF28AC /* Assets.xcassets in Resources */,
			);
			runOnlyForDeploymentPostprocessing = 0;
		};
/* End PBXResourcesBuildPhase section */

/* Begin PBXSourcesBuildPhase section */
		9B5FC14A266EF49400CF28AC /* Sources */ = {
			isa = PBXSourcesBuildPhase;
			buildActionMask = 2147483647;
			files = (
				9B32A65F267C233A007C06D3 /* SwiftView11.swift in Sources */,
				9B36293A267336BE0084F2EA /* SwiftView05.swift in Sources */,
				9B32A665267C2351007C06D3 /* SwiftView14.swift in Sources */,
				9B5FC154266EF49400CF28AC /* ContentView.swift in Sources */,
				9B5FC165266F3BC600CF28AC /* SwiftView01.swift in Sources */,
				9B5F85CB267AE9F80022805B /* SwiftView08.swift in Sources */,
				9B32A667267C2359007C06D3 /* SwiftView15.swift in Sources */,
				9B32A65D267C22F2007C06D3 /* SwiftView10.swift in Sources */,
				9B8DEEF72671FF3D00B67398 /* SwiftView04.swift in Sources */,
				9B57D8C126842FFA001853BD /* SwiftView16.swift in Sources */,
				9B5F85CD267B31E70022805B /* SwiftView09.swift in Sources */,
				9B32A663267C234A007C06D3 /* SwiftView13.swift in Sources */,
				9B4F71FE2670B60D00C55B2C /* SwiftView03.swift in Sources */,
				9B32A661267C2343007C06D3 /* SwiftView12.swift in Sources */,
				9B665A4D2678315C004FBD58 /* IndexView.swift in Sources */,
				9BA427E6267053E70038A30F /* SwiftView02.swift in Sources */,
				9B38AAD22679B5230077E0DC /* SwiftView07.swift in Sources */,
				9B5FC152266EF49400CF28AC /* IosDemoApp.swift in Sources */,
				9B665A4F26789B6F004FBD58 /* SwiftView06.swift in Sources */,
			);
			runOnlyForDeploymentPostprocessing = 0;
		};
/* End PBXSourcesBuildPhase section */

/* Begin XCBuildConfiguration section */
		9B5FC15B266EF49500CF28AC /* Debug */ = {
			isa = XCBuildConfiguration;
			buildSettings = {
				ALWAYS_SEARCH_USER_PATHS = NO;
				CLANG_ANALYZER_NONNULL = YES;
				CLANG_ANALYZER_NUMBER_OBJECT_CONVERSION = YES_AGGRESSIVE;
				CLANG_CXX_LANGUAGE_STANDARD = "gnu++14";
				CLANG_CXX_LIBRARY = "libc++";
				CLANG_ENABLE_MODULES = YES;
				CLANG_ENABLE_OBJC_ARC = YES;
				CLANG_ENABLE_OBJC_WEAK = YES;
				CLANG_WARN_BLOCK_CAPTURE_AUTORELEASING = YES;
				CLANG_WARN_BOOL_CONVERSION = YES;
				CLANG_WARN_COMMA = YES;
				CLANG_WARN_CONSTANT_CONVERSION = YES;
				CLANG_WARN_DEPRECATED_OBJC_IMPLEMENTATIONS = YES;
				CLANG_WARN_DIRECT_OBJC_ISA_USAGE = YES_ERROR;
				CLANG_WARN_DOCUMENTATION_COMMENTS = YES;
				CLANG_WARN_EMPTY_BODY = YES;
				CLANG_WARN_ENUM_CONVERSION = YES;
				CLANG_WARN_INFINITE_RECURSION = YES;
				CLANG_WARN_INT_CONVERSION = YES;
				CLANG_WARN_NON_LITERAL_NULL_CONVERSION = YES;
				CLANG_WARN_OBJC_IMPLICIT_RETAIN_SELF = YES;
				CLANG_WARN_OBJC_LITERAL_CONVERSION = YES;
				CLANG_WARN_OBJC_ROOT_CLASS = YES_ERROR;
				CLANG_WARN_QUOTED_INCLUDE_IN_FRAMEWORK_HEADER = YES;
				CLANG_WARN_RANGE_LOOP_ANALYSIS = YES;
				CLANG_WARN_STRICT_PROTOTYPES = YES;
				CLANG_WARN_SUSPICIOUS_MOVE = YES;
				CLANG_WARN_UNGUARDED_AVAILABILITY = YES_AGGRESSIVE;
				CLANG_WARN_UNREACHABLE_CODE = YES;
				CLANG_WARN__DUPLICATE_METHOD_MATCH = YES;
				COPY_PHASE_STRIP = NO;
				DEBUG_INFORMATION_FORMAT = dwarf;
				ENABLE_STRICT_OBJC_MSGSEND = YES;
				ENABLE_TESTABILITY = YES;
				GCC_C_LANGUAGE_STANDARD = gnu11;
				GCC_DYNAMIC_NO_PIC = NO;
				GCC_NO_COMMON_BLOCKS = YES;
				GCC_OPTIMIZATION_LEVEL = 0;
				GCC_PREPROCESSOR_DEFINITIONS = (
					"DEBUG=1",
					"$(inherited)",
				);
				GCC_WARN_64_TO_32_BIT_CONVERSION = YES;
				GCC_WARN_ABOUT_RETURN_TYPE = YES_ERROR;
				GCC_WARN_UNDECLARED_SELECTOR = YES;
				GCC_WARN_UNINITIALIZED_AUTOS = YES_AGGRESSIVE;
				GCC_WARN_UNUSED_FUNCTION = YES;
				GCC_WARN_UNUSED_VARIABLE = YES;
				IPHONEOS_DEPLOYMENT_TARGET = 14.5;
				MTL_ENABLE_DEBUG_INFO = INCLUDE_SOURCE;
				MTL_FAST_MATH = YES;
				ONLY_ACTIVE_ARCH = YES;
				SDKROOT = iphoneos;
				SWIFT_ACTIVE_COMPILATION_CONDITIONS = DEBUG;
				SWIFT_OPTIMIZATION_LEVEL = "-Onone";
			};
			name = Debug;
		};
		9B5FC15C266EF49500CF28AC /* Release */ = {
			isa = XCBuildConfiguration;
			buildSettings = {
				ALWAYS_SEARCH_USER_PATHS = NO;
				CLANG_ANALYZER_NONNULL = YES;
				CLANG_ANALYZER_NUMBER_OBJECT_CONVERSION = YES_AGGRESSIVE;
				CLANG_CXX_LANGUAGE_STANDARD = "gnu++14";
				CLANG_CXX_LIBRARY = "libc++";
				CLANG_ENABLE_MODULES = YES;
				CLANG_ENABLE_OBJC_ARC = YES;
				CLANG_ENABLE_OBJC_WEAK = YES;
				CLANG_WARN_BLOCK_CAPTURE_AUTORELEASING = YES;
				CLANG_WARN_BOOL_CONVERSION = YES;
				CLANG_WARN_COMMA = YES;
				CLANG_WARN_CONSTANT_CONVERSION = YES;
				CLANG_WARN_DEPRECATED_OBJC_IMPLEMENTATIONS = YES;
				CLANG_WARN_DIRECT_OBJC_ISA_USAGE = YES_ERROR;
				CLANG_WARN_DOCUMENTATION_COMMENTS = YES;
				CLANG_WARN_EMPTY_BODY = YES;
				CLANG_WARN_ENUM_CONVERSION = YES;
				CLANG_WARN_INFINITE_RECURSION = YES;
				CLANG_WARN_INT_CONVERSION = YES;
				CLANG_WARN_NON_LITERAL_NULL_CONVERSION = YES;
				CLANG_WARN_OBJC_IMPLICIT_RETAIN_SELF = YES;
				CLANG_WARN_OBJC_LITERAL_CONVERSION = YES;
				CLANG_WARN_OBJC_ROOT_CLASS = YES_ERROR;
				CLANG_WARN_QUOTED_INCLUDE_IN_FRAMEWORK_HEADER = YES;
				CLANG_WARN_RANGE_LOOP_ANALYSIS = YES;
				CLANG_WARN_STRICT_PROTOTYPES = YES;
				CLANG_WARN_SUSPICIOUS_MOVE = YES;
				CLANG_WARN_UNGUARDED_AVAILABILITY = YES_AGGRESSIVE;
				CLANG_WARN_UNREACHABLE_CODE = YES;
				CLANG_WARN__DUPLICATE_METHOD_MATCH = YES;
				COPY_PHASE_STRIP = NO;
				DEBUG_INFORMATION_FORMAT = "dwarf-with-dsym";
				ENABLE_NS_ASSERTIONS = NO;
				ENABLE_STRICT_OBJC_MSGSEND = YES;
				GCC_C_LANGUAGE_STANDARD = gnu11;
				GCC_NO_COMMON_BLOCKS = YES;
				GCC_WARN_64_TO_32_BIT_CONVERSION = YES;
				GCC_WARN_ABOUT_RETURN_TYPE = YES_ERROR;
				GCC_WARN_UNDECLARED_SELECTOR = YES;
				GCC_WARN_UNINITIALIZED_AUTOS = YES_AGGRESSIVE;
				GCC_WARN_UNUSED_FUNCTION = YES;
				GCC_WARN_UNUSED_VARIABLE = YES;
				IPHONEOS_DEPLOYMENT_TARGET = 14.5;
				MTL_ENABLE_DEBUG_INFO = NO;
				MTL_FAST_MATH = YES;
				SDKROOT = iphoneos;
				SWIFT_COMPILATION_MODE = wholemodule;
				SWIFT_OPTIMIZATION_LEVEL = "-O";
				VALIDATE_PRODUCT = YES;
			};
			name = Release;
		};
		9B5FC15E266EF49500CF28AC /* Debug */ = {
			isa = XCBuildConfiguration;
			buildSettings = {
				ASSETCATALOG_COMPILER_APPICON_NAME = AppIcon;
				ASSETCATALOG_COMPILER_GLOBAL_ACCENT_COLOR_NAME = AccentColor;
				CODE_SIGN_STYLE = Automatic;
				DEVELOPMENT_ASSET_PATHS = "\"IosDemo/Preview Content\"";
				DEVELOPMENT_TEAM = 2N893J8326;
				ENABLE_PREVIEWS = YES;
				INFOPLIST_FILE = IosDemo/Info.plist;
				IPHONEOS_DEPLOYMENT_TARGET = 14.5;
				LD_RUNPATH_SEARCH_PATHS = (
					"$(inherited)",
					"@executable_path/Frameworks",
				);
				PRODUCT_BUNDLE_IDENTIFIER = com.webabcd.iosdemo.IosDemo;
				PRODUCT_NAME = "$(TARGET_NAME)";
				SWIFT_VERSION = 5.0;
				TARGETED_DEVICE_FAMILY = "1,2";
			};
			name = Debug;
		};
		9B5FC15F266EF49500CF28AC /* Release */ = {
			isa = XCBuildConfiguration;
			buildSettings = {
				ASSETCATALOG_COMPILER_APPICON_NAME = AppIcon;
				ASSETCATALOG_COMPILER_GLOBAL_ACCENT_COLOR_NAME = AccentColor;
				CODE_SIGN_STYLE = Automatic;
				DEVELOPMENT_ASSET_PATHS = "\"IosDemo/Preview Content\"";
				DEVELOPMENT_TEAM = 2N893J8326;
				ENABLE_PREVIEWS = YES;
				INFOPLIST_FILE = IosDemo/Info.plist;
				IPHONEOS_DEPLOYMENT_TARGET = 14.5;
				LD_RUNPATH_SEARCH_PATHS = (
					"$(inherited)",
					"@executable_path/Frameworks",
				);
				PRODUCT_BUNDLE_IDENTIFIER = com.webabcd.iosdemo.IosDemo;
				PRODUCT_NAME = "$(TARGET_NAME)";
				SWIFT_VERSION = 5.0;
				TARGETED_DEVICE_FAMILY = "1,2";
			};
			name = Release;
		};
/* End XCBuildConfiguration section */

/* Begin XCConfigurationList section */
		9B5FC149266EF49400CF28AC /* Build configuration list for PBXProject "IosDemo" */ = {
			isa = XCConfigurationList;
			buildConfigurations = (
				9B5FC15B266EF49500CF28AC /* Debug */,
				9B5FC15C266EF49500CF28AC /* Release */,
			);
			defaultConfigurationIsVisible = 0;
			defaultConfigurationName = Release;
		};
		9B5FC15D266EF49500CF28AC /* Build configuration list for PBXNativeTarget "IosDemo" */ = {
			isa = XCConfigurationList;
			buildConfigurations = (
				9B5FC15E266EF49500CF28AC /* Debug */,
				9B5FC15F266EF49500CF28AC /* Release */,
			);
			defaultConfigurationIsVisible = 0;
			defaultConfigurationName = Release;
		};
/* End XCConfigurationList section */
	};
	rootObject = 9B5FC146266EF49400CF28AC /* Project object */;
}
